
Microsoft Visual Studio Solution File, Format Version 12.00
# Visual Studio Version 17
VisualStudioVersion = 17.7.34018.315
MinimumVisualStudioVersion = 10.0.40219.1
Project("{FAE04EC0-301F-11D3-BF4B-00C04F79EFBC}") = "LinguagemCsharp", "LinguagemCsharp\LinguagemCsharp.csproj", "{159CC6A9-CDFD-434D-9FEC-7B53C468084E}"
EndProject
Global
	GlobalSection(SolutionConfigurationPlatforms) = preSolution
		Debug|Any CPU = Debug|Any CPU
		Release|Any CPU = Release|Any CPU
	EndGlobalSection
	GlobalSection(ProjectConfigurationPlatforms) = postSolution
		{159CC6A9-CDFD-434D-9FEC-7B53C468084E}.Debug|Any CPU.ActiveCfg = Debug|Any CPU
		{159CC6A9-CDFD-434D-9FEC-7B53C468084E}.Debug|Any CPU.Build.0 = Debug|Any CPU
		{159CC6A9-CDFD-434D-9FEC-7B53C468084E}.Release|Any CPU.ActiveCfg = Release|Any CPU
		{159CC6A9-CDFD-434D-9FEC-7B53C468084E}.Release|Any CPU.Build.0 = Release|Any CPU
	EndGlobalSection
	GlobalSection(SolutionProperties) = preSolution
		HideSolutionNode = FALSE
	EndGlobalSection
	GlobalSection(ExtensibilityGlobals) = postSolution
		SolutionGuid = {87F43251-24F8-491F-AFA0-4AA8AD6DB866}
	EndGlobalSection
EndGlobal
